// !$*UTF8*$!
{
	archiveVersion = 1;
	classes = {
	};
	objectVersion = 50;
	objects = {

/* Begin PBXBuildFile section */
		A343D97326E6706600180B7B /* AppDelegate.swift in Sources */ = {isa = PBXBuildFile; fileRef = A343D97226E6706600180B7B /* AppDelegate.swift */; };
		A343D97526E6706600180B7B /* SceneDelegate.swift in Sources */ = {isa = PBXBuildFile; fileRef = A343D97426E6706600180B7B /* SceneDelegate.swift */; };
		A343D97726E6706600180B7B /* ViewController.swift in Sources */ = {isa = PBXBuildFile; fileRef = A343D97626E6706600180B7B /* ViewController.swift */; };
		A343D97A26E6706600180B7B /* Main.storyboard in Resources */ = {isa = PBXBuildFile; fileRef = A343D97826E6706600180B7B /* Main.storyboard */; };
		A343D97C26E6706700180B7B /* Assets.xcassets in Resources */ = {isa = PBXBuildFile; fileRef = A343D97B26E6706700180B7B /* Assets.xcassets */; };
		A343D97F26E6706700180B7B /* LaunchScreen.storyboard in Resources */ = {isa = PBXBuildFile; fileRef = A343D97D26E6706700180B7B /* LaunchScreen.storyboard */; };
		A343D98726E6A37600180B7B /* WelcomeViewController.swift in Sources */ = {isa = PBXBuildFile; fileRef = A343D98626E6A37600180B7B /* WelcomeViewController.swift */; };
		A343D98926E6A4C800180B7B /* InformationViewController.swift in Sources */ = {isa = PBXBuildFile; fileRef = A343D98826E6A4C800180B7B /* InformationViewController.swift */; };
		A358B6F226E73E9E001523B0 /* UserNameAndPassword.swift in Sources */ = {isa = PBXBuildFile; fileRef = A358B6F126E73E9E001523B0 /* UserNameAndPassword.swift */; };
/* End PBXBuildFile section */

/* Begin PBXFileReference section */
		A343D96F26E6706600180B7B /* Resume App.app */ = {isa = PBXFileReference; explicitFileType = wrapper.application; includeInIndex = 0; path = "Resume App.app"; sourceTree = BUILT_PRODUCTS_DIR; };
		A343D97226E6706600180B7B /* AppDelegate.swift */ = {isa = PBXFileReference; lastKnownFileType = sourcecode.swift; path = AppDelegate.swift; sourceTree = "<group>"; };
		A343D97426E6706600180B7B /* SceneDelegate.swift */ = {isa = PBXFileReference; lastKnownFileType = sourcecode.swift; path = SceneDelegate.swift; sourceTree = "<group>"; };
		A343D97626E6706600180B7B /* ViewController.swift */ = {isa = PBXFileReference; lastKnownFileType = sourcecode.swift; path = ViewController.swift; sourceTree = "<group>"; };
		A343D97926E6706600180B7B /* Base */ = {isa = PBXFileReference; lastKnownFileType = file.storyboard; name = Base; path = Base.lproj/Main.storyboard; sourceTree = "<group>"; };
		A343D97B26E6706700180B7B /* Assets.xcassets */ = {isa = PBXFileReference; lastKnownFileType = folder.assetcatalog; path = Assets.xcassets; sourceTree = "<group>"; };
		A343D97E26E6706700180B7B /* Base */ = {isa = PBXFileReference; lastKnownFileType = file.storyboard; name = Base; path = Base.lproj/LaunchScreen.storyboard; sourceTree = "<group>"; };
		A343D98026E6706700180B7B /* Info.plist */ = {isa = PBXFileReference; lastKnownFileType = text.plist.xml; path = Info.plist; sourceTree = "<group>"; };
		A343D98626E6A37600180B7B /* WelcomeViewController.swift */ = {isa = PBXFileReference; lastKnownFileType = sourcecode.swift; path = WelcomeViewController.swift; sourceTree = "<group>"; };
		A343D98826E6A4C800180B7B /* InformationViewController.swift */ = {isa = PBXFileReference; lastKnownFileType = sourcecode.swift; path = InformationViewController.swift; sourceTree = "<group>"; };
		A358B6F126E73E9E001523B0 /* UserNameAndPassword.swift */ = {isa = PBXFileReference; lastKnownFileType = sourcecode.swift; path = UserNameAndPassword.swift; sourceTree = "<group>"; };
/* End PBXFileReference section */

/* Begin PBXFrameworksBuildPhase section */
		A343D96C26E6706600180B7B /* Frameworks */ = {
			isa = PBXFrameworksBuildPhase;
			buildActionMask = 2147483647;
			files = (
			);
			runOnlyForDeploymentPostprocessing = 0;
		};
/* End PBXFrameworksBuildPhase section */

/* Begin PBXGroup section */
		A343D96626E6706600180B7B = {
			isa = PBXGroup;
			children = (
				A343D97126E6706600180B7B /* Resume App */,
				A343D97026E6706600180B7B /* Products */,
			);
			sourceTree = "<group>";
		};
		A343D97026E6706600180B7B /* Products */ = {
			isa = PBXGroup;
			children = (
				A343D96F26E6706600180B7B /* Resume App.app */,
			);
			name = Products;
			sourceTree = "<group>";
		};
		A343D97126E6706600180B7B /* Resume App */ = {
			isa = PBXGroup;
			children = (
				A358B6F026E73E66001523B0 /* Model */,
				A358B6EF26E73B6E001523B0 /* Storyboard */,
				A358B6EE26E73B49001523B0 /* ViewController */,
				A343D97426E6706600180B7B /* SceneDelegate.swift */,
				A343D97226E6706600180B7B /* AppDelegate.swift */,
				A343D97B26E6706700180B7B /* Assets.xcassets */,
				A343D98026E6706700180B7B /* Info.plist */,
			);
			path = "Resume App";
			sourceTree = "<group>";
		};
		A358B6EE26E73B49001523B0 /* ViewController */ = {
			isa = PBXGroup;
			children = (
				A343D97626E6706600180B7B /* ViewController.swift */,
				A343D98626E6A37600180B7B /* WelcomeViewController.swift */,
				A343D98826E6A4C800180B7B /* InformationViewController.swift */,
			);
			path = ViewController;
			sourceTree = "<group>";
		};
		A358B6EF26E73B6E001523B0 /* Storyboard */ = {
			isa = PBXGroup;
			children = (
				A343D97826E6706600180B7B /* Main.storyboard */,
				A343D97D26E6706700180B7B /* LaunchScreen.storyboard */,
			);
			path = Storyboard;
			sourceTree = "<group>";
		};
		A358B6F026E73E66001523B0 /* Model */ = {
			isa = PBXGroup;
			children = (
				A358B6F126E73E9E001523B0 /* UserNameAndPassword.swift */,
			);
			path = Model;
			sourceTree = "<group>";
		};
/* End PBXGroup section */

/* Begin PBXNativeTarget section */
		A343D96E26E6706600180B7B /* Resume App */ = {
			isa = PBXNativeTarget;
			buildConfigurationList = A343D98326E6706700180B7B /* Build configuration list for PBXNativeTarget "Resume App" */;
			buildPhases = (
				A343D96B26E6706600180B7B /* Sources */,
				A343D96C26E6706600180B7B /* Frameworks */,
				A343D96D26E6706600180B7B /* Resources */,
			);
			buildRules = (
			);
			dependencies = (
			);
			name = "Resume App";
			productName = "Resume App";
			productReference = A343D96F26E6706600180B7B /* Resume App.app */;
			productType = "com.apple.product-type.application";
		};
/* End PBXNativeTarget section */

/* Begin PBXProject section */
		A343D96726E6706600180B7B /* Project object */ = {
			isa = PBXProject;
			attributes = {
				LastSwiftUpdateCheck = 1250;
				LastUpgradeCheck = 1250;
				TargetAttributes = {
					A343D96E26E6706600180B7B = {
						CreatedOnToolsVersion = 12.5.1;
					};
				};
			};
			buildConfigurationList = A343D96A26E6706600180B7B /* Build configuration list for PBXProject "Resume App" */;
			compatibilityVersion = "Xcode 9.3";
			developmentRegion = en;
			hasScannedForEncodings = 0;
			knownRegions = (
				en,
				Base,
			);
			mainGroup = A343D96626E6706600180B7B;
			productRefGroup = A343D97026E6706600180B7B /* Products */;
			projectDirPath = "";
			projectRoot = "";
			targets = (
				A343D96E26E6706600180B7B /* Resume App */,
			);
		};
/* End PBXProject section */

/* Begin PBXResourcesBuildPhase section */
		A343D96D26E6706600180B7B /* Resources */ = {
			isa = PBXResourcesBuildPhase;
			buildActionMask = 2147483647;
			files = (
				A343D97F26E6706700180B7B /* LaunchScreen.storyboard in Resources */,
				A343D97C26E6706700180B7B /* Assets.xcassets in Resources */,
				A343D97A26E6706600180B7B /* Main.storyboard in Resources */,
			);
			runOnlyForDeploymentPostprocessing = 0;
		};
/* End PBXResourcesBuildPhase section */

/* Begin PBXSourcesBuildPhase section */
		A343D96B26E6706600180B7B /* Sources */ = {
			isa = PBXSourcesBuildPhase;
			buildActionMask = 2147483647;
			files = (
				A358B6F226E73E9E001523B0 /* UserNameAndPassword.swift in Sources */,
				A343D97726E6706600180B7B /* ViewController.swift in Sources */,
				A343D98726E6A37600180B7B /* WelcomeViewController.swift in Sources */,
				A343D97326E6706600180B7B /* AppDelegate.swift in Sources */,
				A343D97526E6706600180B7B /* SceneDelegate.swift in Sources */,
				A343D98926E6A4C800180B7B /* InformationViewController.swift in Sources */,
			);
			runOnlyForDeploymentPostprocessing = 0;
		};
/* End PBXSourcesBuildPhase section */

/* Begin PBXVariantGroup section */
		A343D97826E6706600180B7B /* Main.storyboard */ = {
			isa = PBXVariantGroup;
			children = (
				A343D97926E6706600180B7B /* Base */,
			);
			name = Main.storyboard;
			sourceTree = "<group>";
		};
		A343D97D26E6706700180B7B /* LaunchScreen.storyboard */ = {
			isa = PBXVariantGroup;
			children = (
				A343D97E26E6706700180B7B /* Base */,
			);
			name = LaunchScreen.storyboard;
			sourceTree = "<group>";
		};
/* End PBXVariantGroup section */

/* Begin XCBuildConfiguration section */
		A343D98126E6706700180B7B /* Debug */ = {
			isa = XCBuildConfiguration;
			buildSettings = {
				ALWAYS_SEARCH_USER_PATHS = NO;
				CLANG_ANALYZER_NONNULL = YES;
				CLANG_ANALYZER_NUMBER_OBJECT_CONVERSION = YES_AGGRESSIVE;
				CLANG_CXX_LANGUAGE_STANDARD = "gnu++14";
				CLANG_CXX_LIBRARY = "libc++";
				CLANG_ENABLE_MODULES = YES;
				CLANG_ENABLE_OBJC_ARC = YES;
				CLANG_ENABLE_OBJC_WEAK = YES;
				CLANG_WARN_BLOCK_CAPTURE_AUTORELEASING = YES;
				CLANG_WARN_BOOL_CONVERSION = YES;
				CLANG_WARN_COMMA = YES;
				CLANG_WARN_CONSTANT_CONVERSION = YES;
				CLANG_WARN_DEPRECATED_OBJC_IMPLEMENTATIONS = YES;
				CLANG_WARN_DIRECT_OBJC_ISA_USAGE = YES_ERROR;
				CLANG_WARN_DOCUMENTATION_COMMENTS = YES;
				CLANG_WARN_EMPTY_BODY = YES;
				CLANG_WARN_ENUM_CONVERSION = YES;
				CLANG_WARN_INFINITE_RECURSION = YES;
				CLANG_WARN_INT_CONVERSION = YES;
				CLANG_WARN_NON_LITERAL_NULL_CONVERSION = YES;
				CLANG_WARN_OBJC_IMPLICIT_RETAIN_SELF = YES;
				CLANG_WARN_OBJC_LITERAL_CONVERSION = YES;
				CLANG_WARN_OBJC_ROOT_CLASS = YES_ERROR;
				CLANG_WARN_QUOTED_INCLUDE_IN_FRAMEWORK_HEADER = YES;
				CLANG_WARN_RANGE_LOOP_ANALYSIS = YES;
				CLANG_WARN_STRICT_PROTOTYPES = YES;
				CLANG_WARN_SUSPICIOUS_MOVE = YES;
				CLANG_WARN_UNGUARDED_AVAILABILITY = YES_AGGRESSIVE;
				CLANG_WARN_UNREACHABLE_CODE = YES;
				CLANG_WARN__DUPLICATE_METHOD_MATCH = YES;
				COPY_PHASE_STRIP = NO;
				DEBUG_INFORMATION_FORMAT = dwarf;
				ENABLE_STRICT_OBJC_MSGSEND = YES;
				ENABLE_TESTABILITY = YES;
				GCC_C_LANGUAGE_STANDARD = gnu11;
				GCC_DYNAMIC_NO_PIC = NO;
				GCC_NO_COMMON_BLOCKS = YES;
				GCC_OPTIMIZATION_LEVEL = 0;
				GCC_PREPROCESSOR_DEFINITIONS = (
					"DEBUG=1",
					"$(inherited)",
				);
				GCC_WARN_64_TO_32_BIT_CONVERSION = YES;
				GCC_WARN_ABOUT_RETURN_TYPE = YES_ERROR;
				GCC_WARN_UNDECLARED_SELECTOR = YES;
				GCC_WARN_UNINITIALIZED_AUTOS = YES_AGGRESSIVE;
				GCC_WARN_UNUSED_FUNCTION = YES;
				GCC_WARN_UNUSED_VARIABLE = YES;
				IPHONEOS_DEPLOYMENT_TARGET = 14.5;
				MTL_ENABLE_DEBUG_INFO = INCLUDE_SOURCE;
				MTL_FAST_MATH = YES;
				ONLY_ACTIVE_ARCH = YES;
				SDKROOT = iphoneos;
				SWIFT_ACTIVE_COMPILATION_CONDITIONS = DEBUG;
				SWIFT_OPTIMIZATION_LEVEL = "-Onone";
			};
			name = Debug;
		};
		A343D98226E6706700180B7B /* Release */ = {
			isa = XCBuildConfiguration;
			buildSettings = {
				ALWAYS_SEARCH_USER_PATHS = NO;
				CLANG_ANALYZER_NONNULL = YES;
				CLANG_ANALYZER_NUMBER_OBJECT_CONVERSION = YES_AGGRESSIVE;
				CLANG_CXX_LANGUAGE_STANDARD = "gnu++14";
				CLANG_CXX_LIBRARY = "libc++";
				CLANG_ENABLE_MODULES = YES;
				CLANG_ENABLE_OBJC_ARC = YES;
				CLANG_ENABLE_OBJC_WEAK = YES;
				CLANG_WARN_BLOCK_CAPTURE_AUTORELEASING = YES;
				CLANG_WARN_BOOL_CONVERSION = YES;
				CLANG_WARN_COMMA = YES;
				CLANG_WARN_CONSTANT_CONVERSION = YES;
				CLANG_WARN_DEPRECATED_OBJC_IMPLEMENTATIONS = YES;
				CLANG_WARN_DIRECT_OBJC_ISA_USAGE = YES_ERROR;
				CLANG_WARN_DOCUMENTATION_COMMENTS = YES;
				CLANG_WARN_EMPTY_BODY = YES;
				CLANG_WARN_ENUM_CONVERSION = YES;
				CLANG_WARN_INFINITE_RECURSION = YES;
				CLANG_WARN_INT_CONVERSION = YES;
				CLANG_WARN_NON_LITERAL_NULL_CONVERSION = YES;
				CLANG_WARN_OBJC_IMPLICIT_RETAIN_SELF = YES;
				CLANG_WARN_OBJC_LITERAL_CONVERSION = YES;
				CLANG_WARN_OBJC_ROOT_CLASS = YES_ERROR;
				CLANG_WARN_QUOTED_INCLUDE_IN_FRAMEWORK_HEADER = YES;
				CLANG_WARN_RANGE_LOOP_ANALYSIS = YES;
				CLANG_WARN_STRICT_PROTOTYPES = YES;
				CLANG_WARN_SUSPICIOUS_MOVE = YES;
				CLANG_WARN_UNGUARDED_AVAILABILITY = YES_AGGRESSIVE;
				CLANG_WARN_UNREACHABLE_CODE = YES;
				CLANG_WARN__DUPLICATE_METHOD_MATCH = YES;
				COPY_PHASE_STRIP = NO;
				DEBUG_INFORMATION_FORMAT = "dwarf-with-dsym";
				ENABLE_NS_ASSERTIONS = NO;
				ENABLE_STRICT_OBJC_MSGSEND = YES;
				GCC_C_LANGUAGE_STANDARD = gnu11;
				GCC_NO_COMMON_BLOCKS = YES;
				GCC_WARN_64_TO_32_BIT_CONVERSION = YES;
				GCC_WARN_ABOUT_RETURN_TYPE = YES_ERROR;
				GCC_WARN_UNDECLARED_SELECTOR = YES;
				GCC_WARN_UNINITIALIZED_AUTOS = YES_AGGRESSIVE;
				GCC_WARN_UNUSED_FUNCTION = YES;
				GCC_WARN_UNUSED_VARIABLE = YES;
				IPHONEOS_DEPLOYMENT_TARGET = 14.5;
				MTL_ENABLE_DEBUG_INFO = NO;
				MTL_FAST_MATH = YES;
				SDKROOT = iphoneos;
				SWIFT_COMPILATION_MODE = wholemodule;
				SWIFT_OPTIMIZATION_LEVEL = "-O";
				VALIDATE_PRODUCT = YES;
			};
			name = Release;
		};
		A343D98426E6706700180B7B /* Debug */ = {
			isa = XCBuildConfiguration;
			buildSettings = {
				ASSETCATALOG_COMPILER_APPICON_NAME = AppIcon;
				ASSETCATALOG_COMPILER_GLOBAL_ACCENT_COLOR_NAME = AccentColor;
				CODE_SIGN_STYLE = Automatic;
				DEVELOPMENT_TEAM = 9W5BMT376H;
				INFOPLIST_FILE = "Resume App/Info.plist";
				LD_RUNPATH_SEARCH_PATHS = (
					"$(inherited)",
					"@executable_path/Frameworks",
				);
				PRODUCT_BUNDLE_IDENTIFIER = "Yulia.ua.Resume-App";
				PRODUCT_NAME = "$(TARGET_NAME)";
				SWIFT_VERSION = 5.0;
				TARGETED_DEVICE_FAMILY = 1;
			};
			name = Debug;
		};
		A343D98526E6706700180B7B /* Release */ = {
			isa = XCBuildConfiguration;
			buildSettings = {
				ASSETCATALOG_COMPILER_APPICON_NAME = AppIcon;
				ASSETCATALOG_COMPILER_GLOBAL_ACCENT_COLOR_NAME = AccentColor;
				CODE_SIGN_STYLE = Automatic;
				DEVELOPMENT_TEAM = 9W5BMT376H;
				INFOPLIST_FILE = "Resume App/Info.plist";
				LD_RUNPATH_SEARCH_PATHS = (
					"$(inherited)",
					"@executable_path/Frameworks",
				);
				PRODUCT_BUNDLE_IDENTIFIER = "Yulia.ua.Resume-App";
				PRODUCT_NAME = "$(TARGET_NAME)";
				SWIFT_VERSION = 5.0;
				TARGETED_DEVICE_FAMILY = 1;
			};
			name = Release;
		};
/* End XCBuildConfiguration section */

/* Begin XCConfigurationList section */
		A343D96A26E6706600180B7B /* Build configuration list for PBXProject "Resume App" */ = {
			isa = XCConfigurationList;
			buildConfigurations = (
				A343D98126E6706700180B7B /* Debug */,
				A343D98226E6706700180B7B /* Release */,
			);
			defaultConfigurationIsVisible = 0;
			defaultConfigurationName = Release;
		};
		A343D98326E6706700180B7B /* Build configuration list for PBXNativeTarget "Resume App" */ = {
			isa = XCConfigurationList;
			buildConfigurations = (
				A343D98426E6706700180B7B /* Debug */,
				A343D98526E6706700180B7B /* Release */,
			);
			defaultConfigurationIsVisible = 0;
			defaultConfigurationName = Release;
		};
/* End XCConfigurationList section */
	};
	rootObject = A343D96726E6706600180B7B /* Project object */;
}
